
Microsoft Visual Studio Solution File, Format Version 12.00
# Visual Studio Version 17
VisualStudioVersion = 17.4.33213.308
MinimumVisualStudioVersion = 10.0.40219.1
Project("{888888A0-9F3D-457C-B088-3A5042F75D52}") = "DjangoDoc", "DjangoDoc.pyproj", "{76F9A3A7-0C82-4311-AB23-2527BEA6748E}"
EndProject
Global
	GlobalSection(SolutionConfigurationPlatforms) = preSolution
		Debug|Any CPU = Debug|Any CPU
		Release|Any CPU = Release|Any CPU
	EndGlobalSection
	GlobalSection(ProjectConfigurationPlatforms) = postSolution
		{76F9A3A7-0C82-4311-AB23-2527BEA6748E}.Debug|Any CPU.ActiveCfg = Debug|Any CPU
		{76F9A3A7-0C82-4311-AB23-2527BEA6748E}.Debug|Any CPU.Build.0 = Debug|Any CPU
		{76F9A3A7-0C82-4311-AB23-2527BEA6748E}.Release|Any CPU.ActiveCfg = Release|Any CPU
		{76F9A3A7-0C82-4311-AB23-2527BEA6748E}.Release|Any CPU.Build.0 = Release|Any CPU
	EndGlobalSection
	GlobalSection(SolutionProperties) = preSolution
		HideSolutionNode = FALSE
	EndGlobalSection
	GlobalSection(ExtensibilityGlobals) = postSolution
		SolutionGuid = {527BC20E-9E2F-42E3-9EEB-633CF69EFBF1}
	EndGlobalSection
EndGlobal
